
Microsoft Visual Studio Solution File, Format Version 12.00
# Visual Studio Version 16
VisualStudioVersion = 16.0.31702.278
MinimumVisualStudioVersion = 10.0.40219.1
Project("{FAE04EC0-301F-11D3-BF4B-00C04F79EFBC}") = "VirtualMarket", "VirtualMarket\VirtualMarket.csproj", "{F01316E8-9D83-4EE7-B64E-278F2E1E194A}"
EndProject
Global
	GlobalSection(SolutionConfigurationPlatforms) = preSolution
		Debug|Any CPU = Debug|Any CPU
		Release|Any CPU = Release|Any CPU
	EndGlobalSection
	GlobalSection(ProjectConfigurationPlatforms) = postSolution
		{F01316E8-9D83-4EE7-B64E-278F2E1E194A}.Debug|Any CPU.ActiveCfg = Debug|Any CPU
		{F01316E8-9D83-4EE7-B64E-278F2E1E194A}.Debug|Any CPU.Build.0 = Debug|Any CPU
		{F01316E8-9D83-4EE7-B64E-278F2E1E194A}.Release|Any CPU.ActiveCfg = Release|Any CPU
		{F01316E8-9D83-4EE7-B64E-278F2E1E194A}.Release|Any CPU.Build.0 = Release|Any CPU
	EndGlobalSection
	GlobalSection(SolutionProperties) = preSolution
		HideSolutionNode = FALSE
	EndGlobalSection
	GlobalSection(ExtensibilityGlobals) = postSolution
		SolutionGuid = {B905328F-E097-4FB3-A6EA-C7ABB080355F}
	EndGlobalSection
EndGlobal
